// !$*UTF8*$!
{
	archiveVersion = 1;
	classes = {
	};
	objectVersion = 46;
	objects = {

/* Begin PBXBuildFile section */
		A1023FFE1DB0854E00C019E4 /* img.png in Resources */ = {isa = PBXBuildFile; fileRef = A1023FFD1DB0854E00C019E4 /* img.png */; };
		A1F4623A1DB073BD00270ED6 /* main.m in Sources */ = {isa = PBXBuildFile; fileRef = A1F462391DB073BD00270ED6 /* main.m */; };
		A1F4623D1DB073BD00270ED6 /* AppDelegate.m in Sources */ = {isa = PBXBuildFile; fileRef = A1F4623C1DB073BD00270ED6 /* AppDelegate.m */; };
		A1F462401DB073BD00270ED6 /* ViewController.m in Sources */ = {isa = PBXBuildFile; fileRef = A1F4623F1DB073BD00270ED6 /* ViewController.m */; };
		A1F462451DB073BD00270ED6 /* Assets.xcassets in Resources */ = {isa = PBXBuildFile; fileRef = A1F462441DB073BD00270ED6 /* Assets.xcassets */; };
		A1F462481DB073BD00270ED6 /* LaunchScreen.storyboard in Resources */ = {isa = PBXBuildFile; fileRef = A1F462461DB073BD00270ED6 /* LaunchScreen.storyboard */; };
		A1F462511DB074C700270ED6 /* ZFUI.framework in Frameworks */ = {isa = PBXBuildFile; fileRef = A1F462501DB074C700270ED6 /* ZFUI.framework */; };
/* End PBXBuildFile section */

/* Begin PBXFileReference section */
		A1023FFD1DB0854E00C019E4 /* img.png */ = {isa = PBXFileReference; lastKnownFileType = image.png; path = img.png; sourceTree = "<group>"; };
		A1F462351DB073BD00270ED6 /* Demo.app */ = {isa = PBXFileReference; explicitFileType = wrapper.application; includeInIndex = 0; path = Demo.app; sourceTree = BUILT_PRODUCTS_DIR; };
		A1F462391DB073BD00270ED6 /* main.m */ = {isa = PBXFileReference; lastKnownFileType = sourcecode.c.objc; path = main.m; sourceTree = "<group>"; };
		A1F4623B1DB073BD00270ED6 /* AppDelegate.h */ = {isa = PBXFileReference; lastKnownFileType = sourcecode.c.h; path = AppDelegate.h; sourceTree = "<group>"; };
		A1F4623C1DB073BD00270ED6 /* AppDelegate.m */ = {isa = PBXFileReference; lastKnownFileType = sourcecode.c.objc; path = AppDelegate.m; sourceTree = "<group>"; };
		A1F4623E1DB073BD00270ED6 /* ViewController.h */ = {isa = PBXFileReference; lastKnownFileType = sourcecode.c.h; path = ViewController.h; sourceTree = "<group>"; };
		A1F4623F1DB073BD00270ED6 /* ViewController.m */ = {isa = PBXFileReference; lastKnownFileType = sourcecode.c.objc; path = ViewController.m; sourceTree = "<group>"; };
		A1F462441DB073BD00270ED6 /* Assets.xcassets */ = {isa = PBXFileReference; lastKnownFileType = folder.assetcatalog; path = Assets.xcassets; sourceTree = "<group>"; };
		A1F462471DB073BD00270ED6 /* Base */ = {isa = PBXFileReference; lastKnownFileType = file.storyboard; name = Base; path = Base.lproj/LaunchScreen.storyboard; sourceTree = "<group>"; };
		A1F462491DB073BD00270ED6 /* Info.plist */ = {isa = PBXFileReference; lastKnownFileType = text.plist.xml; path = Info.plist; sourceTree = "<group>"; };
		A1F462501DB074C700270ED6 /* ZFUI.framework */ = {isa = PBXFileReference; lastKnownFileType = wrapper.framework; path = ZFUI.framework; sourceTree = "<group>"; };
/* End PBXFileReference section */

/* Begin PBXFrameworksBuildPhase section */
		A1F462321DB073BD00270ED6 /* Frameworks */ = {
			isa = PBXFrameworksBuildPhase;
			buildActionMask = 2147483647;
			files = (
				A1F462511DB074C700270ED6 /* ZFUI.framework in Frameworks */,
			);
			runOnlyForDeploymentPostprocessing = 0;
		};
/* End PBXFrameworksBuildPhase section */

/* Begin PBXGroup section */
		A1F4622C1DB073BD00270ED6 = {
			isa = PBXGroup;
			children = (
				A1F462371DB073BD00270ED6 /* Demo */,
				A1F462361DB073BD00270ED6 /* Products */,
			);
			sourceTree = "<group>";
		};
		A1F462361DB073BD00270ED6 /* Products */ = {
			isa = PBXGroup;
			children = (
				A1F462351DB073BD00270ED6 /* Demo.app */,
			);
			name = Products;
			sourceTree = "<group>";
		};
		A1F462371DB073BD00270ED6 /* Demo */ = {
			isa = PBXGroup;
			children = (
				A1F4624F1DB074B700270ED6 /* Framework */,
				A1F4623B1DB073BD00270ED6 /* AppDelegate.h */,
				A1F4623C1DB073BD00270ED6 /* AppDelegate.m */,
				A1F4623E1DB073BD00270ED6 /* ViewController.h */,
				A1F4623F1DB073BD00270ED6 /* ViewController.m */,
				A1023FFD1DB0854E00C019E4 /* img.png */,
				A1F462441DB073BD00270ED6 /* Assets.xcassets */,
				A1F462461DB073BD00270ED6 /* LaunchScreen.storyboard */,
				A1F462491DB073BD00270ED6 /* Info.plist */,
				A1F462381DB073BD00270ED6 /* Supporting Files */,
			);
			path = Demo;
			sourceTree = "<group>";
		};
		A1F462381DB073BD00270ED6 /* Supporting Files */ = {
			isa = PBXGroup;
			children = (
				A1F462391DB073BD00270ED6 /* main.m */,
			);
			name = "Supporting Files";
			sourceTree = "<group>";
		};
		A1F4624F1DB074B700270ED6 /* Framework */ = {
			isa = PBXGroup;
			children = (
				A1F462501DB074C700270ED6 /* ZFUI.framework */,
			);
			path = Framework;
			sourceTree = "<group>";
		};
/* End PBXGroup section */

/* Begin PBXNativeTarget section */
		A1F462341DB073BD00270ED6 /* Demo */ = {
			isa = PBXNativeTarget;
			buildConfigurationList = A1F4624C1DB073BD00270ED6 /* Build configuration list for PBXNativeTarget "Demo" */;
			buildPhases = (
				A1F462311DB073BD00270ED6 /* Sources */,
				A1F462321DB073BD00270ED6 /* Frameworks */,
				A1F462331DB073BD00270ED6 /* Resources */,
			);
			buildRules = (
			);
			dependencies = (
			);
			name = Demo;
			productName = Demo;
			productReference = A1F462351DB073BD00270ED6 /* Demo.app */;
			productType = "com.apple.product-type.application";
		};
/* End PBXNativeTarget section */

/* Begin PBXProject section */
		A1F4622D1DB073BD00270ED6 /* Project object */ = {
			isa = PBXProject;
			attributes = {
				LastUpgradeCheck = 0720;
				ORGANIZATIONNAME = JoshuaGeng;
				TargetAttributes = {
					A1F462341DB073BD00270ED6 = {
						CreatedOnToolsVersion = 7.2.1;
					};
				};
			};
			buildConfigurationList = A1F462301DB073BD00270ED6 /* Build configuration list for PBXProject "Demo" */;
			compatibilityVersion = "Xcode 3.2";
			developmentRegion = English;
			hasScannedForEncodings = 0;
			knownRegions = (
				en,
				Base,
			);
			mainGroup = A1F4622C1DB073BD00270ED6;
			productRefGroup = A1F462361DB073BD00270ED6 /* Products */;
			projectDirPath = "";
			projectRoot = "";
			targets = (
				A1F462341DB073BD00270ED6 /* Demo */,
			);
		};
/* End PBXProject section */

/* Begin PBXResourcesBuildPhase section */
		A1F462331DB073BD00270ED6 /* Resources */ = {
			isa = PBXResourcesBuildPhase;
			buildActionMask = 2147483647;
			files = (
				A1023FFE1DB0854E00C019E4 /* img.png in Resources */,
				A1F462481DB073BD00270ED6 /* LaunchScreen.storyboard in Resources */,
				A1F462451DB073BD00270ED6 /* Assets.xcassets in Resources */,
			);
			runOnlyForDeploymentPostprocessing = 0;
		};
/* End PBXResourcesBuildPhase section */

/* Begin PBXSourcesBuildPhase section */
		A1F462311DB073BD00270ED6 /* Sources */ = {
			isa = PBXSourcesBuildPhase;
			buildActionMask = 2147483647;
			files = (
				A1F462401DB073BD00270ED6 /* ViewController.m in Sources */,
				A1F4623D1DB073BD00270ED6 /* AppDelegate.m in Sources */,
				A1F4623A1DB073BD00270ED6 /* main.m in Sources */,
			);
			runOnlyForDeploymentPostprocessing = 0;
		};
/* End PBXSourcesBuildPhase section */

/* Begin PBXVariantGroup section */
		A1F462461DB073BD00270ED6 /* LaunchScreen.storyboard */ = {
			isa = PBXVariantGroup;
			children = (
				A1F462471DB073BD00270ED6 /* Base */,
			);
			name = LaunchScreen.storyboard;
			sourceTree = "<group>";
		};
/* End PBXVariantGroup section */

/* Begin XCBuildConfiguration section */
		A1F4624A1DB073BD00270ED6 /* Debug */ = {
			isa = XCBuildConfiguration;
			buildSettings = {
				ALWAYS_SEARCH_USER_PATHS = NO;
				CLANG_CXX_LANGUAGE_STANDARD = "gnu++0x";
				CLANG_CXX_LIBRARY = "libc++";
				CLANG_ENABLE_MODULES = YES;
				CLANG_ENABLE_OBJC_ARC = YES;
				CLANG_WARN_BOOL_CONVERSION = YES;
				CLANG_WARN_CONSTANT_CONVERSION = YES;
				CLANG_WARN_DIRECT_OBJC_ISA_USAGE = YES_ERROR;
				CLANG_WARN_EMPTY_BODY = YES;
				CLANG_WARN_ENUM_CONVERSION = YES;
				CLANG_WARN_INT_CONVERSION = YES;
				CLANG_WARN_OBJC_ROOT_CLASS = YES_ERROR;
				CLANG_WARN_UNREACHABLE_CODE = YES;
				CLANG_WARN__DUPLICATE_METHOD_MATCH = YES;
				"CODE_SIGN_IDENTITY[sdk=iphoneos*]" = "iPhone Developer";
				COPY_PHASE_STRIP = NO;
				DEBUG_INFORMATION_FORMAT = dwarf;
				ENABLE_STRICT_OBJC_MSGSEND = YES;
				ENABLE_TESTABILITY = YES;
				GCC_C_LANGUAGE_STANDARD = gnu99;
				GCC_DYNAMIC_NO_PIC = NO;
				GCC_NO_COMMON_BLOCKS = YES;
				GCC_OPTIMIZATION_LEVEL = 0;
				GCC_PREPROCESSOR_DEFINITIONS = (
					"DEBUG=1",
					"$(inherited)",
				);
				GCC_WARN_64_TO_32_BIT_CONVERSION = YES;
				GCC_WARN_ABOUT_RETURN_TYPE = YES_ERROR;
				GCC_WARN_UNDECLARED_SELECTOR = YES;
				GCC_WARN_UNINITIALIZED_AUTOS = YES_AGGRESSIVE;
				GCC_WARN_UNUSED_FUNCTION = YES;
				GCC_WARN_UNUSED_VARIABLE = YES;
				IPHONEOS_DEPLOYMENT_TARGET = 9.2;
				MTL_ENABLE_DEBUG_INFO = YES;
				ONLY_ACTIVE_ARCH = YES;
				SDKROOT = iphoneos;
			};
			name = Debug;
		};
		A1F4624B1DB073BD00270ED6 /* Release */ = {
			isa = XCBuildConfiguration;
			buildSettings = {
				ALWAYS_SEARCH_USER_PATHS = NO;
				CLANG_CXX_LANGUAGE_STANDARD = "gnu++0x";
				CLANG_CXX_LIBRARY = "libc++";
				CLANG_ENABLE_MODULES = YES;
				CLANG_ENABLE_OBJC_ARC = YES;
				CLANG_WARN_BOOL_CONVERSION = YES;
				CLANG_WARN_CONSTANT_CONVERSION = YES;
				CLANG_WARN_DIRECT_OBJC_ISA_USAGE = YES_ERROR;
				CLANG_WARN_EMPTY_BODY = YES;
				CLANG_WARN_ENUM_CONVERSION = YES;
				CLANG_WARN_INT_CONVERSION = YES;
				CLANG_WARN_OBJC_ROOT_CLASS = YES_ERROR;
				CLANG_WARN_UNREACHABLE_CODE = YES;
				CLANG_WARN__DUPLICATE_METHOD_MATCH = YES;
				"CODE_SIGN_IDENTITY[sdk=iphoneos*]" = "iPhone Developer";
				COPY_PHASE_STRIP = NO;
				DEBUG_INFORMATION_FORMAT = "dwarf-with-dsym";
				ENABLE_NS_ASSERTIONS = NO;
				ENABLE_STRICT_OBJC_MSGSEND = YES;
				GCC_C_LANGUAGE_STANDARD = gnu99;
				GCC_NO_COMMON_BLOCKS = YES;
				GCC_WARN_64_TO_32_BIT_CONVERSION = YES;
				GCC_WARN_ABOUT_RETURN_TYPE = YES_ERROR;
				GCC_WARN_UNDECLARED_SELECTOR = YES;
				GCC_WARN_UNINITIALIZED_AUTOS = YES_AGGRESSIVE;
				GCC_WARN_UNUSED_FUNCTION = YES;
				GCC_WARN_UNUSED_VARIABLE = YES;
				IPHONEOS_DEPLOYMENT_TARGET = 9.2;
				MTL_ENABLE_DEBUG_INFO = NO;
				SDKROOT = iphoneos;
				VALIDATE_PRODUCT = YES;
			};
			name = Release;
		};
		A1F4624D1DB073BD00270ED6 /* Debug */ = {
			isa = XCBuildConfiguration;
			buildSettings = {
				ASSETCATALOG_COMPILER_APPICON_NAME = AppIcon;
				FRAMEWORK_SEARCH_PATHS = (
					"$(inherited)",
					"$(PROJECT_DIR)/Demo/Framework",
				);
				INFOPLIST_FILE = Demo/Info.plist;
				LD_RUNPATH_SEARCH_PATHS = "$(inherited) @executable_path/Frameworks";
				PRODUCT_BUNDLE_IDENTIFIER = com.project.Demo;
				PRODUCT_NAME = "$(TARGET_NAME)";
			};
			name = Debug;
		};
		A1F4624E1DB073BD00270ED6 /* Release */ = {
			isa = XCBuildConfiguration;
			buildSettings = {
				ASSETCATALOG_COMPILER_APPICON_NAME = AppIcon;
				FRAMEWORK_SEARCH_PATHS = (
					"$(inherited)",
					"$(PROJECT_DIR)/Demo/Framework",
				);
				INFOPLIST_FILE = Demo/Info.plist;
				LD_RUNPATH_SEARCH_PATHS = "$(inherited) @executable_path/Frameworks";
				PRODUCT_BUNDLE_IDENTIFIER = com.project.Demo;
				PRODUCT_NAME = "$(TARGET_NAME)";
			};
			name = Release;
		};
/* End XCBuildConfiguration section */

/* Begin XCConfigurationList section */
		A1F462301DB073BD00270ED6 /* Build configuration list for PBXProject "Demo" */ = {
			isa = XCConfigurationList;
			buildConfigurations = (
				A1F4624A1DB073BD00270ED6 /* Debug */,
				A1F4624B1DB073BD00270ED6 /* Release */,
			);
			defaultConfigurationIsVisible = 0;
			defaultConfigurationName = Release;
		};
		A1F4624C1DB073BD00270ED6 /* Build configuration list for PBXNativeTarget "Demo" */ = {
			isa = XCConfigurationList;
			buildConfigurations = (
				A1F4624D1DB073BD00270ED6 /* Debug */,
				A1F4624E1DB073BD00270ED6 /* Release */,
			);
			defaultConfigurationIsVisible = 0;
			defaultConfigurationName = Release;
		};
/* End XCConfigurationList section */
	};
	rootObject = A1F4622D1DB073BD00270ED6 /* Project object */;
}
